runs/3e5562fe-d819-491f-8b18-f025058b9c21.log
runs/5883d23c-c514-4c88-9cc7-1ee05efe709b.yaml
/home/gandalf/angiography_data/runs/Jan27_16-30-54_gandalf-MS-7845test/model.pt
runs/6619e3bd-5eb8-457e-9fe6-8facccba70c9.log
runs/c5ee955f-6dd9-4319-9468-9e10564e5477.log
runs/040ce598-7627-4a19-94bc-052d287d3ccc.log
runs/be55c1a5-5862-4a79-a7c9-4b75341ee675.log
runs/04bb4056-b48b-4b5f-a4a7-3a83e4c96e89.log
